<?xml version="1.0" encoding="UTF-8"?>
<CodeBlocks_project_file>
	<FileVersion major="1" minor="6"/>
	<Project>
		<Option title="udpserver"/>
		<Option makefile_is_custom="1"/>
		<Option compiler="gcc"/>
		<Option virtualFolders="CMake Files\;"/>
		<Build>
			<Target title="all">
				<Option working_dir="/home/xmac/storage/projects/cpp/udpserver"/>
				<Option type="4"/>
				<MakeCommands>
					<Build command="/usr/bin/make -f &quot;/home/xmac/storage/projects/cpp/udpserver/Makefile&quot;  VERBOSE=1 all"/>
					<CompileFile command="/usr/bin/make -f &quot;/home/xmac/storage/projects/cpp/udpserver/Makefile&quot;  VERBOSE=1 &quot;$file&quot;"/>
					<Clean command="/usr/bin/make -f &quot;/home/xmac/storage/projects/cpp/udpserver/Makefile&quot;  VERBOSE=1 clean"/>
					<DistClean command="/usr/bin/make -f &quot;/home/xmac/storage/projects/cpp/udpserver/Makefile&quot;  VERBOSE=1 clean"/>
				</MakeCommands>
			</Target>
			<Target title="rebuild_cache">
				<Option working_dir="/home/xmac/storage/projects/cpp/udpserver"/>
				<Option type="4"/>
				<MakeCommands>
					<Build command="/usr/bin/make -f &quot;/home/xmac/storage/projects/cpp/udpserver/Makefile&quot;  VERBOSE=1 rebuild_cache"/>
					<CompileFile command="/usr/bin/make -f &quot;/home/xmac/storage/projects/cpp/udpserver/Makefile&quot;  VERBOSE=1 &quot;$file&quot;"/>
					<Clean command="/usr/bin/make -f &quot;/home/xmac/storage/projects/cpp/udpserver/Makefile&quot;  VERBOSE=1 clean"/>
					<DistClean command="/usr/bin/make -f &quot;/home/xmac/storage/projects/cpp/udpserver/Makefile&quot;  VERBOSE=1 clean"/>
				</MakeCommands>
			</Target>
			<Target title="edit_cache">
				<Option working_dir="/home/xmac/storage/projects/cpp/udpserver"/>
				<Option type="4"/>
				<MakeCommands>
					<Build command="/usr/bin/make -f &quot;/home/xmac/storage/projects/cpp/udpserver/Makefile&quot;  VERBOSE=1 edit_cache"/>
					<CompileFile command="/usr/bin/make -f &quot;/home/xmac/storage/projects/cpp/udpserver/Makefile&quot;  VERBOSE=1 &quot;$file&quot;"/>
					<Clean command="/usr/bin/make -f &quot;/home/xmac/storage/projects/cpp/udpserver/Makefile&quot;  VERBOSE=1 clean"/>
					<DistClean command="/usr/bin/make -f &quot;/home/xmac/storage/projects/cpp/udpserver/Makefile&quot;  VERBOSE=1 clean"/>
				</MakeCommands>
			</Target>
			<Target title="intro">
				<Option output="/home/xmac/storage/projects/cpp/udpserver/intro" prefix_auto="0" extension_auto="0"/>
				<Option working_dir="/home/xmac/storage/projects/cpp/udpserver"/>
				<Option object_output="./"/>
				<Option type="1"/>
				<Option compiler="gcc"/>
				<Compiler>
					<Add directory="/home/xmac/storage/projects/cpp/udpserver/include"/>
				</Compiler>
				<MakeCommands>
					<Build command="/usr/bin/make -f &quot;/home/xmac/storage/projects/cpp/udpserver/Makefile&quot;  VERBOSE=1 intro"/>
					<CompileFile command="/usr/bin/make -f &quot;/home/xmac/storage/projects/cpp/udpserver/Makefile&quot;  VERBOSE=1 &quot;$file&quot;"/>
					<Clean command="/usr/bin/make -f &quot;/home/xmac/storage/projects/cpp/udpserver/Makefile&quot;  VERBOSE=1 clean"/>
					<DistClean command="/usr/bin/make -f &quot;/home/xmac/storage/projects/cpp/udpserver/Makefile&quot;  VERBOSE=1 clean"/>
				</MakeCommands>
			</Target>
			<Target title="intro/fast">
				<Option output="/home/xmac/storage/projects/cpp/udpserver/intro" prefix_auto="0" extension_auto="0"/>
				<Option working_dir="/home/xmac/storage/projects/cpp/udpserver"/>
				<Option object_output="./"/>
				<Option type="1"/>
				<Option compiler="gcc"/>
				<Compiler>
					<Add directory="/home/xmac/storage/projects/cpp/udpserver/include"/>
				</Compiler>
				<MakeCommands>
					<Build command="/usr/bin/make -f &quot;/home/xmac/storage/projects/cpp/udpserver/Makefile&quot;  VERBOSE=1 intro/fast"/>
					<CompileFile command="/usr/bin/make -f &quot;/home/xmac/storage/projects/cpp/udpserver/Makefile&quot;  VERBOSE=1 &quot;$file&quot;"/>
					<Clean command="/usr/bin/make -f &quot;/home/xmac/storage/projects/cpp/udpserver/Makefile&quot;  VERBOSE=1 clean"/>
					<DistClean command="/usr/bin/make -f &quot;/home/xmac/storage/projects/cpp/udpserver/Makefile&quot;  VERBOSE=1 clean"/>
				</MakeCommands>
			</Target>
		</Build>
		<Unit filename="/home/xmac/storage/projects/cpp/udpserver/src/main.cpp">
			<Option target="intro"/>
		</Unit>
		<Unit filename="/home/xmac/storage/projects/cpp/udpserver/CMakeLists.txt">
			<Option virtualFolder="CMake Files\"/>
		</Unit>
	</Project>
</CodeBlocks_project_file>
